
Microsoft Visual Studio Solution File, Format Version 12.00
# Visual Studio Version 16
VisualStudioVersion = 16.0.31129.286
MinimumVisualStudioVersion = 10.0.40219.1
Project("{FAE04EC0-301F-11D3-BF4B-00C04F79EFBC}") = "RedisVsDb", "RedisVsDb\RedisVsDb.csproj", "{AEAC4414-1E3C-4BF6-90EA-147DB2B1C380}"
EndProject
Project("{2150E333-8FDC-42A3-9474-1A3956D46DE8}") = "Solution Items", "Solution Items", "{3BEC1E50-EFDB-4759-9753-A0A27E08CA86}"
	ProjectSection(SolutionItems) = preProject
		.gitattributes = .gitattributes
		.gitignore = .gitignore
		LICENSE = LICENSE
		README.md = README.md
	EndProjectSection
EndProject
Global
	GlobalSection(SolutionConfigurationPlatforms) = preSolution
		Debug|Any CPU = Debug|Any CPU
		Release|Any CPU = Release|Any CPU
	EndGlobalSection
	GlobalSection(ProjectConfigurationPlatforms) = postSolution
		{AEAC4414-1E3C-4BF6-90EA-147DB2B1C380}.Debug|Any CPU.ActiveCfg = Debug|Any CPU
		{AEAC4414-1E3C-4BF6-90EA-147DB2B1C380}.Debug|Any CPU.Build.0 = Debug|Any CPU
		{AEAC4414-1E3C-4BF6-90EA-147DB2B1C380}.Release|Any CPU.ActiveCfg = Release|Any CPU
		{AEAC4414-1E3C-4BF6-90EA-147DB2B1C380}.Release|Any CPU.Build.0 = Release|Any CPU
	EndGlobalSection
	GlobalSection(SolutionProperties) = preSolution
		HideSolutionNode = FALSE
	EndGlobalSection
	GlobalSection(ExtensibilityGlobals) = postSolution
		SolutionGuid = {D45E756C-EA75-494B-B5F7-44EDA5C9E97B}
	EndGlobalSection
EndGlobal
